
Microsoft Visual Studio Solution File, Format Version 12.00
# Visual Studio Version 16
VisualStudioVersion = 16.0.31515.178
MinimumVisualStudioVersion = 10.0.40219.1
Project("{9A19103F-16F7-4668-BE54-9A1E7A4F7556}") = "01-Uvod_00-Opakovani-syntaxe", "01-Hello-world\01-Uvod_00-Opakovani-syntaxe.csproj", "{AE19D876-89BA-4F9C-9688-CCC17A8EE69E}"
EndProject
Project("{9A19103F-16F7-4668-BE54-9A1E7A4F7556}") = "01-Uvod_01-Prohozeni-promennych", "01-Uvod_02-Prohozeni-promennych\01-Uvod_01-Prohozeni-promennych.csproj", "{A6A9A5D3-FCAF-4E21-9C3D-6DC63B9EF747}"
EndProject
Project("{2150E333-8FDC-42A3-9474-1A3956D46DE8}") = "01-Uvod", "01-Uvod", "{7A938FB4-2A7C-4FBA-8670-A7971C3ABA95}"
EndProject
Project("{9A19103F-16F7-4668-BE54-9A1E7A4F7556}") = "01-Uvod-02-TryParse", "01-Uvod-02-TryParse\01-Uvod-02-TryParse.csproj", "{2E16956F-6D70-49FB-853B-5C702B31474D}"
EndProject
Project("{9A19103F-16F7-4668-BE54-9A1E7A4F7556}") = "01-Uvod-Obraceni", "01-Uvod-Obraceni\01-Uvod-Obraceni.csproj", "{82366DAE-1461-459F-927F-59121EEA3436}"
EndProject
Project("{9A19103F-16F7-4668-BE54-9A1E7A4F7556}") = "02-OOP-01-Enum-Demo", "01-OOP-Enum-Demo\02-OOP-01-Enum-Demo.csproj", "{ADD53475-8573-4688-B5B8-FE09CB5FC9ED}"
EndProject
Project("{2150E333-8FDC-42A3-9474-1A3956D46DE8}") = "02-OOP", "02-OOP", "{88770BAD-2065-46FA-A05B-4DA28B3B157C}"
EndProject
Project("{9A19103F-16F7-4668-BE54-9A1E7A4F7556}") = "02-OOP-02-Karty", "02-OOP-Karty\02-OOP-02-Karty.csproj", "{50312941-B4DB-4AC1-B600-B081ABDE4AA9}"
EndProject
Project("{FAE04EC0-301F-11D3-BF4B-00C04F79EFBC}") = "02-OOP-03-Erathostenes", "02-OOP-03-Erathostenes\02-OOP-03-Erathostenes.csproj", "{958364FB-2C52-42DE-A81B-34C16724DEF5}"
EndProject
Project("{FAE04EC0-301F-11D3-BF4B-00C04F79EFBC}") = "02-OOP-04-Fronta", "02-OOP-04-Fronta\02-OOP-04-Fronta.csproj", "{A75FD41E-8229-4C89-9F4D-3B9414AA9D61}"
EndProject
Global
	GlobalSection(SolutionConfigurationPlatforms) = preSolution
		Debug|Any CPU = Debug|Any CPU
		Release|Any CPU = Release|Any CPU
	EndGlobalSection
	GlobalSection(ProjectConfigurationPlatforms) = postSolution
		{AE19D876-89BA-4F9C-9688-CCC17A8EE69E}.Debug|Any CPU.ActiveCfg = Debug|Any CPU
		{AE19D876-89BA-4F9C-9688-CCC17A8EE69E}.Debug|Any CPU.Build.0 = Debug|Any CPU
		{AE19D876-89BA-4F9C-9688-CCC17A8EE69E}.Release|Any CPU.ActiveCfg = Release|Any CPU
		{AE19D876-89BA-4F9C-9688-CCC17A8EE69E}.Release|Any CPU.Build.0 = Release|Any CPU
		{A6A9A5D3-FCAF-4E21-9C3D-6DC63B9EF747}.Debug|Any CPU.ActiveCfg = Debug|Any CPU
		{A6A9A5D3-FCAF-4E21-9C3D-6DC63B9EF747}.Debug|Any CPU.Build.0 = Debug|Any CPU
		{A6A9A5D3-FCAF-4E21-9C3D-6DC63B9EF747}.Release|Any CPU.ActiveCfg = Release|Any CPU
		{A6A9A5D3-FCAF-4E21-9C3D-6DC63B9EF747}.Release|Any CPU.Build.0 = Release|Any CPU
		{2E16956F-6D70-49FB-853B-5C702B31474D}.Debug|Any CPU.ActiveCfg = Debug|Any CPU
		{2E16956F-6D70-49FB-853B-5C702B31474D}.Debug|Any CPU.Build.0 = Debug|Any CPU
		{2E16956F-6D70-49FB-853B-5C702B31474D}.Release|Any CPU.ActiveCfg = Release|Any CPU
		{2E16956F-6D70-49FB-853B-5C702B31474D}.Release|Any CPU.Build.0 = Release|Any CPU
		{82366DAE-1461-459F-927F-59121EEA3436}.Debug|Any CPU.ActiveCfg = Debug|Any CPU
		{82366DAE-1461-459F-927F-59121EEA3436}.Debug|Any CPU.Build.0 = Debug|Any CPU
		{82366DAE-1461-459F-927F-59121EEA3436}.Release|Any CPU.ActiveCfg = Release|Any CPU
		{82366DAE-1461-459F-927F-59121EEA3436}.Release|Any CPU.Build.0 = Release|Any CPU
		{ADD53475-8573-4688-B5B8-FE09CB5FC9ED}.Debug|Any CPU.ActiveCfg = Debug|Any CPU
		{ADD53475-8573-4688-B5B8-FE09CB5FC9ED}.Debug|Any CPU.Build.0 = Debug|Any CPU
		{ADD53475-8573-4688-B5B8-FE09CB5FC9ED}.Release|Any CPU.ActiveCfg = Release|Any CPU
		{ADD53475-8573-4688-B5B8-FE09CB5FC9ED}.Release|Any CPU.Build.0 = Release|Any CPU
		{50312941-B4DB-4AC1-B600-B081ABDE4AA9}.Debug|Any CPU.ActiveCfg = Debug|Any CPU
		{50312941-B4DB-4AC1-B600-B081ABDE4AA9}.Debug|Any CPU.Build.0 = Debug|Any CPU
		{50312941-B4DB-4AC1-B600-B081ABDE4AA9}.Release|Any CPU.ActiveCfg = Release|Any CPU
		{50312941-B4DB-4AC1-B600-B081ABDE4AA9}.Release|Any CPU.Build.0 = Release|Any CPU
		{958364FB-2C52-42DE-A81B-34C16724DEF5}.Debug|Any CPU.ActiveCfg = Debug|Any CPU
		{958364FB-2C52-42DE-A81B-34C16724DEF5}.Debug|Any CPU.Build.0 = Debug|Any CPU
		{958364FB-2C52-42DE-A81B-34C16724DEF5}.Release|Any CPU.ActiveCfg = Release|Any CPU
		{958364FB-2C52-42DE-A81B-34C16724DEF5}.Release|Any CPU.Build.0 = Release|Any CPU
		{A75FD41E-8229-4C89-9F4D-3B9414AA9D61}.Debug|Any CPU.ActiveCfg = Debug|Any CPU
		{A75FD41E-8229-4C89-9F4D-3B9414AA9D61}.Debug|Any CPU.Build.0 = Debug|Any CPU
		{A75FD41E-8229-4C89-9F4D-3B9414AA9D61}.Release|Any CPU.ActiveCfg = Release|Any CPU
		{A75FD41E-8229-4C89-9F4D-3B9414AA9D61}.Release|Any CPU.Build.0 = Release|Any CPU
	EndGlobalSection
	GlobalSection(SolutionProperties) = preSolution
		HideSolutionNode = FALSE
	EndGlobalSection
	GlobalSection(NestedProjects) = preSolution
		{AE19D876-89BA-4F9C-9688-CCC17A8EE69E} = {7A938FB4-2A7C-4FBA-8670-A7971C3ABA95}
		{A6A9A5D3-FCAF-4E21-9C3D-6DC63B9EF747} = {7A938FB4-2A7C-4FBA-8670-A7971C3ABA95}
		{2E16956F-6D70-49FB-853B-5C702B31474D} = {7A938FB4-2A7C-4FBA-8670-A7971C3ABA95}
		{82366DAE-1461-459F-927F-59121EEA3436} = {7A938FB4-2A7C-4FBA-8670-A7971C3ABA95}
		{ADD53475-8573-4688-B5B8-FE09CB5FC9ED} = {88770BAD-2065-46FA-A05B-4DA28B3B157C}
		{50312941-B4DB-4AC1-B600-B081ABDE4AA9} = {88770BAD-2065-46FA-A05B-4DA28B3B157C}
		{958364FB-2C52-42DE-A81B-34C16724DEF5} = {88770BAD-2065-46FA-A05B-4DA28B3B157C}
		{A75FD41E-8229-4C89-9F4D-3B9414AA9D61} = {88770BAD-2065-46FA-A05B-4DA28B3B157C}
	EndGlobalSection
	GlobalSection(ExtensibilityGlobals) = postSolution
		SolutionGuid = {6DD85F7F-1EF8-4D42-AD72-18C577265C1E}
	EndGlobalSection
EndGlobal
