
Microsoft Visual Studio Solution File, Format Version 12.00
# Visual Studio Version 16
VisualStudioVersion = 16.0.31515.178
MinimumVisualStudioVersion = 10.0.40219.1
Project("{9A19103F-16F7-4668-BE54-9A1E7A4F7556}") = "01-Uvod_00-Opakovani-syntaxe", "01-Hello-world\01-Uvod_00-Opakovani-syntaxe.csproj", "{AE19D876-89BA-4F9C-9688-CCC17A8EE69E}"
EndProject
Project("{9A19103F-16F7-4668-BE54-9A1E7A4F7556}") = "01-Uvod_01-Prohozeni-promennych", "01-Uvod_02-Prohozeni-promennych\01-Uvod_01-Prohozeni-promennych.csproj", "{A6A9A5D3-FCAF-4E21-9C3D-6DC63B9EF747}"
EndProject
Project("{2150E333-8FDC-42A3-9474-1A3956D46DE8}") = "01-Uvod", "01-Uvod", "{7A938FB4-2A7C-4FBA-8670-A7971C3ABA95}"
EndProject
Project("{9A19103F-16F7-4668-BE54-9A1E7A4F7556}") = "01-Uvod-02-TryParse", "01-Uvod-02-TryParse\01-Uvod-02-TryParse.csproj", "{2E16956F-6D70-49FB-853B-5C702B31474D}"
EndProject
Project("{9A19103F-16F7-4668-BE54-9A1E7A4F7556}") = "01-Uvod-Obraceni", "01-Uvod-Obraceni\01-Uvod-Obraceni.csproj", "{82366DAE-1461-459F-927F-59121EEA3436}"
EndProject
Project("{9A19103F-16F7-4668-BE54-9A1E7A4F7556}") = "02-OOP-01-Enum-Demo", "01-OOP-Enum-Demo\02-OOP-01-Enum-Demo.csproj", "{ADD53475-8573-4688-B5B8-FE09CB5FC9ED}"
EndProject
Project("{2150E333-8FDC-42A3-9474-1A3956D46DE8}") = "02-OOP", "02-OOP", "{88770BAD-2065-46FA-A05B-4DA28B3B157C}"
EndProject
Project("{9A19103F-16F7-4668-BE54-9A1E7A4F7556}") = "02-OOP-02-Karty", "02-OOP-Karty\02-OOP-02-Karty.csproj", "{50312941-B4DB-4AC1-B600-B081ABDE4AA9}"
EndProject
Project("{9A19103F-16F7-4668-BE54-9A1E7A4F7556}") = "02-OOP-03-Erathostenes", "02-OOP-03-Erathostenes\02-OOP-03-Erathostenes.csproj", "{958364FB-2C52-42DE-A81B-34C16724DEF5}"
EndProject
Project("{9A19103F-16F7-4668-BE54-9A1E7A4F7556}") = "02-OOP-04-Fronta", "02-OOP-04-Fronta\02-OOP-04-Fronta.csproj", "{A75FD41E-8229-4C89-9F4D-3B9414AA9D61}"
EndProject
Project("{9A19103F-16F7-4668-BE54-9A1E7A4F7556}") = "02-OOP-05-Exception-demo", "02-OOP-05-Exception-demo\02-OOP-05-Exception-demo.csproj", "{4FD3A214-39C8-49B8-9614-D78E8F79F027}"
EndProject
Project("{9A19103F-16F7-4668-BE54-9A1E7A4F7556}") = "02-OOP-06-Kruznice-I", "02-OOP-06-Kruznice-I\02-OOP-06-Kruznice-I.csproj", "{DA227642-676F-4618-A13F-6CF85DDF45C0}"
EndProject
Project("{9A19103F-16F7-4668-BE54-9A1E7A4F7556}") = "02-OOP-07-Kruznice-II", "02-OOP-07-Kruznice-II\02-OOP-07-Kruznice-II.csproj", "{2DEB614C-FE64-42A4-9C42-BCD06DB0CF29}"
EndProject
Project("{2150E333-8FDC-42A3-9474-1A3956D46DE8}") = "02-OOP-replit-reseni", "02-OOP-replit-reseni", "{BB38A102-750A-4116-9A3A-014A79DD7C31}"
EndProject
Project("{9A19103F-16F7-4668-BE54-9A1E7A4F7556}") = "02-OOP-reseni-010-Obdelnik-I", "02-OOP-reseni-010-Obdelnik-I\02-OOP-reseni-010-Obdelnik-I.csproj", "{A84E20F7-9F1D-4516-9C15-7A13C136F397}"
EndProject
Project("{9A19103F-16F7-4668-BE54-9A1E7A4F7556}") = "02-OOP-reseni-020-Pes", "02-OOP-reseni-020-Pes\02-OOP-reseni-020-Pes.csproj", "{64B2B265-740A-4251-8664-329E27DA88B9}"
EndProject
Project("{9A19103F-16F7-4668-BE54-9A1E7A4F7556}") = "02-OOP-reseni-030-CD-Disky", "02-OOP-reseni-030-CD-Disky\02-OOP-reseni-030-CD-Disky.csproj", "{47F8D829-573C-4141-8D72-4FDF218F1060}"
EndProject
Project("{9A19103F-16F7-4668-BE54-9A1E7A4F7556}") = "02-OOP-reseni-040-Nakupni-seznam", "02-OOP-reseni-040-Nakupni-seznam\02-OOP-reseni-040-Nakupni-seznam.csproj", "{6FE53DB2-6D03-4B53-AF5C-1E3EF026FD26}"
EndProject
Project("{9A19103F-16F7-4668-BE54-9A1E7A4F7556}") = "02-OOP-reseni-050-Prebirani-pole", "02-OOP-reseni-050-Prebirani-pole\02-OOP-reseni-050-Prebirani-pole.csproj", "{6F3BA286-1A32-4D42-82E1-C31C08BAA75B}"
EndProject
Project("{9A19103F-16F7-4668-BE54-9A1E7A4F7556}") = "02-OOP-reseni-060-Pes-II", "02-OOP-reseni-060-Pes-II\02-OOP-reseni-060-Pes-II.csproj", "{510797F9-7F54-4210-B3DA-01F1601DDABC}"
EndProject
Project("{9A19103F-16F7-4668-BE54-9A1E7A4F7556}") = "02-OOP-reseni-070-Tabulka-cokolady", "02-OOP-reseni-070-Tabulka-cokolady\02-OOP-reseni-070-Tabulka-cokolady.csproj", "{0A5CC443-4EC5-4DE4-8CDC-364BCBA74F96}"
EndProject
Project("{9A19103F-16F7-4668-BE54-9A1E7A4F7556}") = "02-OOP-reseni-080-Obdelnik-II", "02-OOP-reseni-080-Obdelnik-II\02-OOP-reseni-080-Obdelnik-II.csproj", "{7A00D09F-8B59-40D6-9FAB-D1370892E84A}"
EndProject
Project("{9A19103F-16F7-4668-BE54-9A1E7A4F7556}") = "02-OOP-reseni-090-Obdelnik-III", "02-OOP-reseni-090-Obdelnik-III\02-OOP-reseni-090-Obdelnik-III.csproj", "{1BB1D899-1605-492A-A739-5EAD213CCE4B}"
EndProject
Project("{9A19103F-16F7-4668-BE54-9A1E7A4F7556}") = "02-OOP-reseni-100-Pes-III", "02-OOP-reseni-100-Pes-III\02-OOP-reseni-100-Pes-III.csproj", "{F35CB48D-3122-429D-8A7E-764F8CA313F7}"
EndProject
Project("{9A19103F-16F7-4668-BE54-9A1E7A4F7556}") = "02-OOP-08-Bod", "02-OOP-08-Bod\02-OOP-08-Bod.csproj", "{98186BF8-CB42-4F3C-B0C4-588F35AB824A}"
EndProject
Project("{9A19103F-16F7-4668-BE54-9A1E7A4F7556}") = "02-OOP-09-Ucet", "02-OOP-09-Ucet\02-OOP-09-Ucet.csproj", "{75FDD230-BD4F-4AD4-A8B4-0B5026B4D8C7}"
EndProject
Project("{9A19103F-16F7-4668-BE54-9A1E7A4F7556}") = "02-OOP-reseni-110-Tabulka-cokolady-II", "02-OOP-reseni-110-Tabulka-cokolady-III\02-OOP-reseni-110-Tabulka-cokolady-II.csproj", "{129009D5-AA89-4323-BEEB-9851CA70B1B7}"
EndProject
Project("{9A19103F-16F7-4668-BE54-9A1E7A4F7556}") = "02-OOP-reseni-120-Kbeliky", "02-OOP-reseni-120-Kbeliky\02-OOP-reseni-120-Kbeliky.csproj", "{90BAD9CB-073A-4569-AA4F-148252E7B17D}"
EndProject
Project("{2150E333-8FDC-42A3-9474-1A3956D46DE8}") = "03-WPF", "03-WPF", "{96856754-9BAD-4BDD-BFF8-BCE8AC788889}"
EndProject
Project("{9A19103F-16F7-4668-BE54-9A1E7A4F7556}") = "03-WPF-01-Hello-World", "03-WPF-01-Hello-World\03-WPF-01-Hello-World.csproj", "{1D9FE492-5973-485C-BD30-2D2ED7FCFF45}"
EndProject
Project("{9A19103F-16F7-4668-BE54-9A1E7A4F7556}") = "03-WPF-02-Move-text", "C:\Users\koupja\source\repos\2021_PR2_2Bs1\03-WPF-02-Move-text\03-WPF-02-Move-text.csproj", "{8943D10B-EB0B-43C1-9EA0-6ABE5D10D8D2}"
EndProject
Project("{9A19103F-16F7-4668-BE54-9A1E7A4F7556}") = "03-WPF-03-Scitadlo", "C:\Users\koupja\source\repos\2021_PR2_2Bs1\03-WPF-03-Scitadlo\03-WPF-03-Scitadlo.csproj", "{DC9002D4-45FE-4072-8B23-AE05AC5C8D6A}"
EndProject
Project("{9A19103F-16F7-4668-BE54-9A1E7A4F7556}") = "03-WPF-04-MessageBox", "03-WPF-04-MessageBox\03-WPF-04-MessageBox.csproj", "{05AFF26B-AB37-4528-BC72-C17EE5B0BC84}"
EndProject
Project("{9A19103F-16F7-4668-BE54-9A1E7A4F7556}") = "03-WPF-05-O-deset-vic", "03-WPF-05-O-deset-vic\03-WPF-05-O-deset-vic.csproj", "{F4203C97-FDE6-4262-B30E-380F0D4F2908}"
EndProject
Project("{9A19103F-16F7-4668-BE54-9A1E7A4F7556}") = "03-WPF-06-Checkbox", "03-WPF-06-Checkbox\03-WPF-06-Checkbox.csproj", "{7FE36440-7D2F-4540-93DA-BE5D4C53CDCF}"
EndProject
Project("{9A19103F-16F7-4668-BE54-9A1E7A4F7556}") = "03-WPF-07-Omalovanky", "03-WPF-07-Omalovanky\03-WPF-07-Omalovanky.csproj", "{AECAF822-C595-41DA-9333-70452FB6D8F0}"
EndProject
Project("{9A19103F-16F7-4668-BE54-9A1E7A4F7556}") = "03-WPF-08-Celkova_cena", "03-WPF-08-Celkova_cena\03-WPF-08-Celkova_cena.csproj", "{64484871-112A-44CE-80B7-61621D52C650}"
EndProject
Project("{9A19103F-16F7-4668-BE54-9A1E7A4F7556}") = "03-WPF-09-Fotoprohlizec", "03-WPF-09-Fotoprohlizec\03-WPF-09-Fotoprohlizec.csproj", "{F595008E-E0FC-4B62-9495-477D1765D5B7}"
EndProject
Project("{FAE04EC0-301F-11D3-BF4B-00C04F79EFBC}") = "03-WPF-10-Radiobutton-a-disable", "03-WPF-10-Radiobutton-a-disable\03-WPF-10-Radiobutton-a-disable.csproj", "{76CA219B-E7F2-418C-93F7-EAD47C88AF52}"
EndProject
Project("{FAE04EC0-301F-11D3-BF4B-00C04F79EFBC}") = "03-WPF-11-Calculator", "03-WPF-11-Calculator\03-WPF-11-Calculator.csproj", "{3CFB7E55-4386-4024-9CB2-4E52829BC130}"
EndProject
Global
	GlobalSection(SolutionConfigurationPlatforms) = preSolution
		Debug|Any CPU = Debug|Any CPU
		Release|Any CPU = Release|Any CPU
	EndGlobalSection
	GlobalSection(ProjectConfigurationPlatforms) = postSolution
		{AE19D876-89BA-4F9C-9688-CCC17A8EE69E}.Debug|Any CPU.ActiveCfg = Debug|Any CPU
		{AE19D876-89BA-4F9C-9688-CCC17A8EE69E}.Debug|Any CPU.Build.0 = Debug|Any CPU
		{AE19D876-89BA-4F9C-9688-CCC17A8EE69E}.Release|Any CPU.ActiveCfg = Release|Any CPU
		{AE19D876-89BA-4F9C-9688-CCC17A8EE69E}.Release|Any CPU.Build.0 = Release|Any CPU
		{A6A9A5D3-FCAF-4E21-9C3D-6DC63B9EF747}.Debug|Any CPU.ActiveCfg = Debug|Any CPU
		{A6A9A5D3-FCAF-4E21-9C3D-6DC63B9EF747}.Debug|Any CPU.Build.0 = Debug|Any CPU
		{A6A9A5D3-FCAF-4E21-9C3D-6DC63B9EF747}.Release|Any CPU.ActiveCfg = Release|Any CPU
		{A6A9A5D3-FCAF-4E21-9C3D-6DC63B9EF747}.Release|Any CPU.Build.0 = Release|Any CPU
		{2E16956F-6D70-49FB-853B-5C702B31474D}.Debug|Any CPU.ActiveCfg = Debug|Any CPU
		{2E16956F-6D70-49FB-853B-5C702B31474D}.Debug|Any CPU.Build.0 = Debug|Any CPU
		{2E16956F-6D70-49FB-853B-5C702B31474D}.Release|Any CPU.ActiveCfg = Release|Any CPU
		{2E16956F-6D70-49FB-853B-5C702B31474D}.Release|Any CPU.Build.0 = Release|Any CPU
		{82366DAE-1461-459F-927F-59121EEA3436}.Debug|Any CPU.ActiveCfg = Debug|Any CPU
		{82366DAE-1461-459F-927F-59121EEA3436}.Debug|Any CPU.Build.0 = Debug|Any CPU
		{82366DAE-1461-459F-927F-59121EEA3436}.Release|Any CPU.ActiveCfg = Release|Any CPU
		{82366DAE-1461-459F-927F-59121EEA3436}.Release|Any CPU.Build.0 = Release|Any CPU
		{ADD53475-8573-4688-B5B8-FE09CB5FC9ED}.Debug|Any CPU.ActiveCfg = Debug|Any CPU
		{ADD53475-8573-4688-B5B8-FE09CB5FC9ED}.Debug|Any CPU.Build.0 = Debug|Any CPU
		{ADD53475-8573-4688-B5B8-FE09CB5FC9ED}.Release|Any CPU.ActiveCfg = Release|Any CPU
		{ADD53475-8573-4688-B5B8-FE09CB5FC9ED}.Release|Any CPU.Build.0 = Release|Any CPU
		{50312941-B4DB-4AC1-B600-B081ABDE4AA9}.Debug|Any CPU.ActiveCfg = Debug|Any CPU
		{50312941-B4DB-4AC1-B600-B081ABDE4AA9}.Debug|Any CPU.Build.0 = Debug|Any CPU
		{50312941-B4DB-4AC1-B600-B081ABDE4AA9}.Release|Any CPU.ActiveCfg = Release|Any CPU
		{50312941-B4DB-4AC1-B600-B081ABDE4AA9}.Release|Any CPU.Build.0 = Release|Any CPU
		{958364FB-2C52-42DE-A81B-34C16724DEF5}.Debug|Any CPU.ActiveCfg = Debug|Any CPU
		{958364FB-2C52-42DE-A81B-34C16724DEF5}.Debug|Any CPU.Build.0 = Debug|Any CPU
		{958364FB-2C52-42DE-A81B-34C16724DEF5}.Release|Any CPU.ActiveCfg = Release|Any CPU
		{958364FB-2C52-42DE-A81B-34C16724DEF5}.Release|Any CPU.Build.0 = Release|Any CPU
		{A75FD41E-8229-4C89-9F4D-3B9414AA9D61}.Debug|Any CPU.ActiveCfg = Debug|Any CPU
		{A75FD41E-8229-4C89-9F4D-3B9414AA9D61}.Debug|Any CPU.Build.0 = Debug|Any CPU
		{A75FD41E-8229-4C89-9F4D-3B9414AA9D61}.Release|Any CPU.ActiveCfg = Release|Any CPU
		{A75FD41E-8229-4C89-9F4D-3B9414AA9D61}.Release|Any CPU.Build.0 = Release|Any CPU
		{4FD3A214-39C8-49B8-9614-D78E8F79F027}.Debug|Any CPU.ActiveCfg = Debug|Any CPU
		{4FD3A214-39C8-49B8-9614-D78E8F79F027}.Debug|Any CPU.Build.0 = Debug|Any CPU
		{4FD3A214-39C8-49B8-9614-D78E8F79F027}.Release|Any CPU.ActiveCfg = Release|Any CPU
		{4FD3A214-39C8-49B8-9614-D78E8F79F027}.Release|Any CPU.Build.0 = Release|Any CPU
		{DA227642-676F-4618-A13F-6CF85DDF45C0}.Debug|Any CPU.ActiveCfg = Debug|Any CPU
		{DA227642-676F-4618-A13F-6CF85DDF45C0}.Debug|Any CPU.Build.0 = Debug|Any CPU
		{DA227642-676F-4618-A13F-6CF85DDF45C0}.Release|Any CPU.ActiveCfg = Release|Any CPU
		{DA227642-676F-4618-A13F-6CF85DDF45C0}.Release|Any CPU.Build.0 = Release|Any CPU
		{2DEB614C-FE64-42A4-9C42-BCD06DB0CF29}.Debug|Any CPU.ActiveCfg = Debug|Any CPU
		{2DEB614C-FE64-42A4-9C42-BCD06DB0CF29}.Debug|Any CPU.Build.0 = Debug|Any CPU
		{2DEB614C-FE64-42A4-9C42-BCD06DB0CF29}.Release|Any CPU.ActiveCfg = Release|Any CPU
		{2DEB614C-FE64-42A4-9C42-BCD06DB0CF29}.Release|Any CPU.Build.0 = Release|Any CPU
		{A84E20F7-9F1D-4516-9C15-7A13C136F397}.Debug|Any CPU.ActiveCfg = Debug|Any CPU
		{A84E20F7-9F1D-4516-9C15-7A13C136F397}.Debug|Any CPU.Build.0 = Debug|Any CPU
		{A84E20F7-9F1D-4516-9C15-7A13C136F397}.Release|Any CPU.ActiveCfg = Release|Any CPU
		{A84E20F7-9F1D-4516-9C15-7A13C136F397}.Release|Any CPU.Build.0 = Release|Any CPU
		{64B2B265-740A-4251-8664-329E27DA88B9}.Debug|Any CPU.ActiveCfg = Debug|Any CPU
		{64B2B265-740A-4251-8664-329E27DA88B9}.Debug|Any CPU.Build.0 = Debug|Any CPU
		{64B2B265-740A-4251-8664-329E27DA88B9}.Release|Any CPU.ActiveCfg = Release|Any CPU
		{64B2B265-740A-4251-8664-329E27DA88B9}.Release|Any CPU.Build.0 = Release|Any CPU
		{47F8D829-573C-4141-8D72-4FDF218F1060}.Debug|Any CPU.ActiveCfg = Debug|Any CPU
		{47F8D829-573C-4141-8D72-4FDF218F1060}.Debug|Any CPU.Build.0 = Debug|Any CPU
		{47F8D829-573C-4141-8D72-4FDF218F1060}.Release|Any CPU.ActiveCfg = Release|Any CPU
		{47F8D829-573C-4141-8D72-4FDF218F1060}.Release|Any CPU.Build.0 = Release|Any CPU
		{6FE53DB2-6D03-4B53-AF5C-1E3EF026FD26}.Debug|Any CPU.ActiveCfg = Debug|Any CPU
		{6FE53DB2-6D03-4B53-AF5C-1E3EF026FD26}.Debug|Any CPU.Build.0 = Debug|Any CPU
		{6FE53DB2-6D03-4B53-AF5C-1E3EF026FD26}.Release|Any CPU.ActiveCfg = Release|Any CPU
		{6FE53DB2-6D03-4B53-AF5C-1E3EF026FD26}.Release|Any CPU.Build.0 = Release|Any CPU
		{6F3BA286-1A32-4D42-82E1-C31C08BAA75B}.Debug|Any CPU.ActiveCfg = Debug|Any CPU
		{6F3BA286-1A32-4D42-82E1-C31C08BAA75B}.Debug|Any CPU.Build.0 = Debug|Any CPU
		{6F3BA286-1A32-4D42-82E1-C31C08BAA75B}.Release|Any CPU.ActiveCfg = Release|Any CPU
		{6F3BA286-1A32-4D42-82E1-C31C08BAA75B}.Release|Any CPU.Build.0 = Release|Any CPU
		{510797F9-7F54-4210-B3DA-01F1601DDABC}.Debug|Any CPU.ActiveCfg = Debug|Any CPU
		{510797F9-7F54-4210-B3DA-01F1601DDABC}.Debug|Any CPU.Build.0 = Debug|Any CPU
		{510797F9-7F54-4210-B3DA-01F1601DDABC}.Release|Any CPU.ActiveCfg = Release|Any CPU
		{510797F9-7F54-4210-B3DA-01F1601DDABC}.Release|Any CPU.Build.0 = Release|Any CPU
		{0A5CC443-4EC5-4DE4-8CDC-364BCBA74F96}.Debug|Any CPU.ActiveCfg = Debug|Any CPU
		{0A5CC443-4EC5-4DE4-8CDC-364BCBA74F96}.Debug|Any CPU.Build.0 = Debug|Any CPU
		{0A5CC443-4EC5-4DE4-8CDC-364BCBA74F96}.Release|Any CPU.ActiveCfg = Release|Any CPU
		{0A5CC443-4EC5-4DE4-8CDC-364BCBA74F96}.Release|Any CPU.Build.0 = Release|Any CPU
		{7A00D09F-8B59-40D6-9FAB-D1370892E84A}.Debug|Any CPU.ActiveCfg = Debug|Any CPU
		{7A00D09F-8B59-40D6-9FAB-D1370892E84A}.Debug|Any CPU.Build.0 = Debug|Any CPU
		{7A00D09F-8B59-40D6-9FAB-D1370892E84A}.Release|Any CPU.ActiveCfg = Release|Any CPU
		{7A00D09F-8B59-40D6-9FAB-D1370892E84A}.Release|Any CPU.Build.0 = Release|Any CPU
		{1BB1D899-1605-492A-A739-5EAD213CCE4B}.Debug|Any CPU.ActiveCfg = Debug|Any CPU
		{1BB1D899-1605-492A-A739-5EAD213CCE4B}.Debug|Any CPU.Build.0 = Debug|Any CPU
		{1BB1D899-1605-492A-A739-5EAD213CCE4B}.Release|Any CPU.ActiveCfg = Release|Any CPU
		{1BB1D899-1605-492A-A739-5EAD213CCE4B}.Release|Any CPU.Build.0 = Release|Any CPU
		{F35CB48D-3122-429D-8A7E-764F8CA313F7}.Debug|Any CPU.ActiveCfg = Debug|Any CPU
		{F35CB48D-3122-429D-8A7E-764F8CA313F7}.Debug|Any CPU.Build.0 = Debug|Any CPU
		{F35CB48D-3122-429D-8A7E-764F8CA313F7}.Release|Any CPU.ActiveCfg = Release|Any CPU
		{F35CB48D-3122-429D-8A7E-764F8CA313F7}.Release|Any CPU.Build.0 = Release|Any CPU
		{98186BF8-CB42-4F3C-B0C4-588F35AB824A}.Debug|Any CPU.ActiveCfg = Debug|Any CPU
		{98186BF8-CB42-4F3C-B0C4-588F35AB824A}.Debug|Any CPU.Build.0 = Debug|Any CPU
		{98186BF8-CB42-4F3C-B0C4-588F35AB824A}.Release|Any CPU.ActiveCfg = Release|Any CPU
		{98186BF8-CB42-4F3C-B0C4-588F35AB824A}.Release|Any CPU.Build.0 = Release|Any CPU
		{75FDD230-BD4F-4AD4-A8B4-0B5026B4D8C7}.Debug|Any CPU.ActiveCfg = Debug|Any CPU
		{75FDD230-BD4F-4AD4-A8B4-0B5026B4D8C7}.Debug|Any CPU.Build.0 = Debug|Any CPU
		{75FDD230-BD4F-4AD4-A8B4-0B5026B4D8C7}.Release|Any CPU.ActiveCfg = Release|Any CPU
		{75FDD230-BD4F-4AD4-A8B4-0B5026B4D8C7}.Release|Any CPU.Build.0 = Release|Any CPU
		{129009D5-AA89-4323-BEEB-9851CA70B1B7}.Debug|Any CPU.ActiveCfg = Debug|Any CPU
		{129009D5-AA89-4323-BEEB-9851CA70B1B7}.Debug|Any CPU.Build.0 = Debug|Any CPU
		{129009D5-AA89-4323-BEEB-9851CA70B1B7}.Release|Any CPU.ActiveCfg = Release|Any CPU
		{129009D5-AA89-4323-BEEB-9851CA70B1B7}.Release|Any CPU.Build.0 = Release|Any CPU
		{90BAD9CB-073A-4569-AA4F-148252E7B17D}.Debug|Any CPU.ActiveCfg = Debug|Any CPU
		{90BAD9CB-073A-4569-AA4F-148252E7B17D}.Debug|Any CPU.Build.0 = Debug|Any CPU
		{90BAD9CB-073A-4569-AA4F-148252E7B17D}.Release|Any CPU.ActiveCfg = Release|Any CPU
		{90BAD9CB-073A-4569-AA4F-148252E7B17D}.Release|Any CPU.Build.0 = Release|Any CPU
		{1D9FE492-5973-485C-BD30-2D2ED7FCFF45}.Debug|Any CPU.ActiveCfg = Debug|Any CPU
		{1D9FE492-5973-485C-BD30-2D2ED7FCFF45}.Debug|Any CPU.Build.0 = Debug|Any CPU
		{1D9FE492-5973-485C-BD30-2D2ED7FCFF45}.Release|Any CPU.ActiveCfg = Release|Any CPU
		{1D9FE492-5973-485C-BD30-2D2ED7FCFF45}.Release|Any CPU.Build.0 = Release|Any CPU
		{8943D10B-EB0B-43C1-9EA0-6ABE5D10D8D2}.Debug|Any CPU.ActiveCfg = Debug|Any CPU
		{8943D10B-EB0B-43C1-9EA0-6ABE5D10D8D2}.Debug|Any CPU.Build.0 = Debug|Any CPU
		{8943D10B-EB0B-43C1-9EA0-6ABE5D10D8D2}.Release|Any CPU.ActiveCfg = Release|Any CPU
		{8943D10B-EB0B-43C1-9EA0-6ABE5D10D8D2}.Release|Any CPU.Build.0 = Release|Any CPU
		{DC9002D4-45FE-4072-8B23-AE05AC5C8D6A}.Debug|Any CPU.ActiveCfg = Debug|Any CPU
		{DC9002D4-45FE-4072-8B23-AE05AC5C8D6A}.Debug|Any CPU.Build.0 = Debug|Any CPU
		{DC9002D4-45FE-4072-8B23-AE05AC5C8D6A}.Release|Any CPU.ActiveCfg = Release|Any CPU
		{DC9002D4-45FE-4072-8B23-AE05AC5C8D6A}.Release|Any CPU.Build.0 = Release|Any CPU
		{05AFF26B-AB37-4528-BC72-C17EE5B0BC84}.Debug|Any CPU.ActiveCfg = Debug|Any CPU
		{05AFF26B-AB37-4528-BC72-C17EE5B0BC84}.Debug|Any CPU.Build.0 = Debug|Any CPU
		{05AFF26B-AB37-4528-BC72-C17EE5B0BC84}.Release|Any CPU.ActiveCfg = Release|Any CPU
		{05AFF26B-AB37-4528-BC72-C17EE5B0BC84}.Release|Any CPU.Build.0 = Release|Any CPU
		{F4203C97-FDE6-4262-B30E-380F0D4F2908}.Debug|Any CPU.ActiveCfg = Debug|Any CPU
		{F4203C97-FDE6-4262-B30E-380F0D4F2908}.Debug|Any CPU.Build.0 = Debug|Any CPU
		{F4203C97-FDE6-4262-B30E-380F0D4F2908}.Release|Any CPU.ActiveCfg = Release|Any CPU
		{F4203C97-FDE6-4262-B30E-380F0D4F2908}.Release|Any CPU.Build.0 = Release|Any CPU
		{7FE36440-7D2F-4540-93DA-BE5D4C53CDCF}.Debug|Any CPU.ActiveCfg = Debug|Any CPU
		{7FE36440-7D2F-4540-93DA-BE5D4C53CDCF}.Debug|Any CPU.Build.0 = Debug|Any CPU
		{7FE36440-7D2F-4540-93DA-BE5D4C53CDCF}.Release|Any CPU.ActiveCfg = Release|Any CPU
		{7FE36440-7D2F-4540-93DA-BE5D4C53CDCF}.Release|Any CPU.Build.0 = Release|Any CPU
		{AECAF822-C595-41DA-9333-70452FB6D8F0}.Debug|Any CPU.ActiveCfg = Debug|Any CPU
		{AECAF822-C595-41DA-9333-70452FB6D8F0}.Debug|Any CPU.Build.0 = Debug|Any CPU
		{AECAF822-C595-41DA-9333-70452FB6D8F0}.Release|Any CPU.ActiveCfg = Release|Any CPU
		{AECAF822-C595-41DA-9333-70452FB6D8F0}.Release|Any CPU.Build.0 = Release|Any CPU
		{64484871-112A-44CE-80B7-61621D52C650}.Debug|Any CPU.ActiveCfg = Debug|Any CPU
		{64484871-112A-44CE-80B7-61621D52C650}.Debug|Any CPU.Build.0 = Debug|Any CPU
		{64484871-112A-44CE-80B7-61621D52C650}.Release|Any CPU.ActiveCfg = Release|Any CPU
		{64484871-112A-44CE-80B7-61621D52C650}.Release|Any CPU.Build.0 = Release|Any CPU
		{F595008E-E0FC-4B62-9495-477D1765D5B7}.Debug|Any CPU.ActiveCfg = Debug|Any CPU
		{F595008E-E0FC-4B62-9495-477D1765D5B7}.Debug|Any CPU.Build.0 = Debug|Any CPU
		{F595008E-E0FC-4B62-9495-477D1765D5B7}.Release|Any CPU.ActiveCfg = Release|Any CPU
		{F595008E-E0FC-4B62-9495-477D1765D5B7}.Release|Any CPU.Build.0 = Release|Any CPU
		{76CA219B-E7F2-418C-93F7-EAD47C88AF52}.Debug|Any CPU.ActiveCfg = Debug|Any CPU
		{76CA219B-E7F2-418C-93F7-EAD47C88AF52}.Debug|Any CPU.Build.0 = Debug|Any CPU
		{76CA219B-E7F2-418C-93F7-EAD47C88AF52}.Release|Any CPU.ActiveCfg = Release|Any CPU
		{76CA219B-E7F2-418C-93F7-EAD47C88AF52}.Release|Any CPU.Build.0 = Release|Any CPU
		{3CFB7E55-4386-4024-9CB2-4E52829BC130}.Debug|Any CPU.ActiveCfg = Debug|Any CPU
		{3CFB7E55-4386-4024-9CB2-4E52829BC130}.Debug|Any CPU.Build.0 = Debug|Any CPU
		{3CFB7E55-4386-4024-9CB2-4E52829BC130}.Release|Any CPU.ActiveCfg = Release|Any CPU
		{3CFB7E55-4386-4024-9CB2-4E52829BC130}.Release|Any CPU.Build.0 = Release|Any CPU
	EndGlobalSection
	GlobalSection(SolutionProperties) = preSolution
		HideSolutionNode = FALSE
	EndGlobalSection
	GlobalSection(NestedProjects) = preSolution
		{AE19D876-89BA-4F9C-9688-CCC17A8EE69E} = {7A938FB4-2A7C-4FBA-8670-A7971C3ABA95}
		{A6A9A5D3-FCAF-4E21-9C3D-6DC63B9EF747} = {7A938FB4-2A7C-4FBA-8670-A7971C3ABA95}
		{2E16956F-6D70-49FB-853B-5C702B31474D} = {7A938FB4-2A7C-4FBA-8670-A7971C3ABA95}
		{82366DAE-1461-459F-927F-59121EEA3436} = {7A938FB4-2A7C-4FBA-8670-A7971C3ABA95}
		{ADD53475-8573-4688-B5B8-FE09CB5FC9ED} = {88770BAD-2065-46FA-A05B-4DA28B3B157C}
		{50312941-B4DB-4AC1-B600-B081ABDE4AA9} = {88770BAD-2065-46FA-A05B-4DA28B3B157C}
		{958364FB-2C52-42DE-A81B-34C16724DEF5} = {88770BAD-2065-46FA-A05B-4DA28B3B157C}
		{A75FD41E-8229-4C89-9F4D-3B9414AA9D61} = {88770BAD-2065-46FA-A05B-4DA28B3B157C}
		{4FD3A214-39C8-49B8-9614-D78E8F79F027} = {88770BAD-2065-46FA-A05B-4DA28B3B157C}
		{DA227642-676F-4618-A13F-6CF85DDF45C0} = {88770BAD-2065-46FA-A05B-4DA28B3B157C}
		{2DEB614C-FE64-42A4-9C42-BCD06DB0CF29} = {88770BAD-2065-46FA-A05B-4DA28B3B157C}
		{A84E20F7-9F1D-4516-9C15-7A13C136F397} = {BB38A102-750A-4116-9A3A-014A79DD7C31}
		{64B2B265-740A-4251-8664-329E27DA88B9} = {BB38A102-750A-4116-9A3A-014A79DD7C31}
		{47F8D829-573C-4141-8D72-4FDF218F1060} = {BB38A102-750A-4116-9A3A-014A79DD7C31}
		{6FE53DB2-6D03-4B53-AF5C-1E3EF026FD26} = {BB38A102-750A-4116-9A3A-014A79DD7C31}
		{6F3BA286-1A32-4D42-82E1-C31C08BAA75B} = {BB38A102-750A-4116-9A3A-014A79DD7C31}
		{510797F9-7F54-4210-B3DA-01F1601DDABC} = {BB38A102-750A-4116-9A3A-014A79DD7C31}
		{0A5CC443-4EC5-4DE4-8CDC-364BCBA74F96} = {BB38A102-750A-4116-9A3A-014A79DD7C31}
		{7A00D09F-8B59-40D6-9FAB-D1370892E84A} = {BB38A102-750A-4116-9A3A-014A79DD7C31}
		{1BB1D899-1605-492A-A739-5EAD213CCE4B} = {BB38A102-750A-4116-9A3A-014A79DD7C31}
		{F35CB48D-3122-429D-8A7E-764F8CA313F7} = {BB38A102-750A-4116-9A3A-014A79DD7C31}
		{98186BF8-CB42-4F3C-B0C4-588F35AB824A} = {88770BAD-2065-46FA-A05B-4DA28B3B157C}
		{75FDD230-BD4F-4AD4-A8B4-0B5026B4D8C7} = {88770BAD-2065-46FA-A05B-4DA28B3B157C}
		{129009D5-AA89-4323-BEEB-9851CA70B1B7} = {BB38A102-750A-4116-9A3A-014A79DD7C31}
		{90BAD9CB-073A-4569-AA4F-148252E7B17D} = {BB38A102-750A-4116-9A3A-014A79DD7C31}
		{1D9FE492-5973-485C-BD30-2D2ED7FCFF45} = {96856754-9BAD-4BDD-BFF8-BCE8AC788889}
		{8943D10B-EB0B-43C1-9EA0-6ABE5D10D8D2} = {96856754-9BAD-4BDD-BFF8-BCE8AC788889}
		{DC9002D4-45FE-4072-8B23-AE05AC5C8D6A} = {96856754-9BAD-4BDD-BFF8-BCE8AC788889}
		{05AFF26B-AB37-4528-BC72-C17EE5B0BC84} = {96856754-9BAD-4BDD-BFF8-BCE8AC788889}
		{F4203C97-FDE6-4262-B30E-380F0D4F2908} = {96856754-9BAD-4BDD-BFF8-BCE8AC788889}
		{7FE36440-7D2F-4540-93DA-BE5D4C53CDCF} = {96856754-9BAD-4BDD-BFF8-BCE8AC788889}
		{AECAF822-C595-41DA-9333-70452FB6D8F0} = {96856754-9BAD-4BDD-BFF8-BCE8AC788889}
		{64484871-112A-44CE-80B7-61621D52C650} = {96856754-9BAD-4BDD-BFF8-BCE8AC788889}
		{F595008E-E0FC-4B62-9495-477D1765D5B7} = {96856754-9BAD-4BDD-BFF8-BCE8AC788889}
		{76CA219B-E7F2-418C-93F7-EAD47C88AF52} = {96856754-9BAD-4BDD-BFF8-BCE8AC788889}
		{3CFB7E55-4386-4024-9CB2-4E52829BC130} = {96856754-9BAD-4BDD-BFF8-BCE8AC788889}
	EndGlobalSection
	GlobalSection(ExtensibilityGlobals) = postSolution
		SolutionGuid = {6DD85F7F-1EF8-4D42-AD72-18C577265C1E}
	EndGlobalSection
EndGlobal
